
Microsoft Visual Studio Solution File, Format Version 12.00
# Visual Studio Version 16
VisualStudioVersion = 16.0.30804.86
MinimumVisualStudioVersion = 10.0.40219.1
Project("{FAE04EC0-301F-11D3-BF4B-00C04F79EFBC}") = "OrganizadordeTarefas", "OrganizadordeTarefas\OrganizadordeTarefas.csproj", "{451C6E7D-F2A4-4D36-9A71-C64CC127B125}"
EndProject
Global
	GlobalSection(SolutionConfigurationPlatforms) = preSolution
		Debug|Any CPU = Debug|Any CPU
		Release|Any CPU = Release|Any CPU
	EndGlobalSection
	GlobalSection(ProjectConfigurationPlatforms) = postSolution
		{451C6E7D-F2A4-4D36-9A71-C64CC127B125}.Debug|Any CPU.ActiveCfg = Debug|Any CPU
		{451C6E7D-F2A4-4D36-9A71-C64CC127B125}.Debug|Any CPU.Build.0 = Debug|Any CPU
		{451C6E7D-F2A4-4D36-9A71-C64CC127B125}.Release|Any CPU.ActiveCfg = Release|Any CPU
		{451C6E7D-F2A4-4D36-9A71-C64CC127B125}.Release|Any CPU.Build.0 = Release|Any CPU
	EndGlobalSection
	GlobalSection(SolutionProperties) = preSolution
		HideSolutionNode = FALSE
	EndGlobalSection
	GlobalSection(ExtensibilityGlobals) = postSolution
		SolutionGuid = {29F08520-0960-41E6-B6CF-EE27C0C36C5C}
	EndGlobalSection
EndGlobal
